
Microsoft Visual Studio Solution File, Format Version 12.00
# Visual Studio 2012
Project("{FAE04EC0-301F-11D3-BF4B-00C04F79EFBC}") = "Inmeta.AssociateRecentWorkItems", "Inmeta.AssociateRecentWorkItems\Inmeta.AssociateRecentWorkItems.csproj", "{192AEBE3-D6AE-46F5-A75B-2D351E88EFCC}"
EndProject
Project("{FAE04EC0-301F-11D3-BF4B-00C04F79EFBC}") = "Inmeta.TeamExplorer.Extensions.Common", "Inmeta.TeamExplorer.Extensions.Common\Inmeta.TeamExplorer.Extensions.Common.csproj", "{C31C8E46-16E4-49A3-B8A5-96BDF9FF22E1}"
EndProject
Project("{2150E333-8FDC-42A3-9474-1A3956D46DE8}") = "Solution Items", "Solution Items", "{53C1D73B-DE89-4EAA-BC08-24125719C6EE}"
	ProjectSection(SolutionItems) = preProject
		InmetaCrayonLogo.bmp = InmetaCrayonLogo.bmp
		License.txt = License.txt
	EndProjectSection
EndProject
Global
	GlobalSection(TeamFoundationVersionControl) = preSolution
		SccNumberOfProjects = 3
		SccEnterpriseProvider = {4CA58AB2-18FA-4F8D-95D4-32DDF27D184C}
		SccTeamFoundationServer = https://jakob.visualstudio.com/defaultcollection
		SccLocalPath0 = .
		SccProjectUniqueName1 = Inmeta.AssociateRecentWorkItems\\Inmeta.AssociateRecentWorkItems.csproj
		SccProjectName1 = Inmeta.AssociateRecentWorkItems
		SccLocalPath1 = Inmeta.AssociateRecentWorkItems
		SccProjectUniqueName2 = Inmeta.TeamExplorer.Extensions.Common\\Inmeta.TeamExplorer.Extensions.Common.csproj
		SccProjectName2 = Inmeta.TeamExplorer.Extensions.Common
		SccLocalPath2 = Inmeta.TeamExplorer.Extensions.Common
	EndGlobalSection
	GlobalSection(SolutionConfigurationPlatforms) = preSolution
		Debug|Any CPU = Debug|Any CPU
		Release|Any CPU = Release|Any CPU
	EndGlobalSection
	GlobalSection(ProjectConfigurationPlatforms) = postSolution
		{192AEBE3-D6AE-46F5-A75B-2D351E88EFCC}.Debug|Any CPU.ActiveCfg = Debug|Any CPU
		{192AEBE3-D6AE-46F5-A75B-2D351E88EFCC}.Debug|Any CPU.Build.0 = Debug|Any CPU
		{192AEBE3-D6AE-46F5-A75B-2D351E88EFCC}.Release|Any CPU.ActiveCfg = Release|Any CPU
		{192AEBE3-D6AE-46F5-A75B-2D351E88EFCC}.Release|Any CPU.Build.0 = Release|Any CPU
		{C31C8E46-16E4-49A3-B8A5-96BDF9FF22E1}.Debug|Any CPU.ActiveCfg = Debug|Any CPU
		{C31C8E46-16E4-49A3-B8A5-96BDF9FF22E1}.Debug|Any CPU.Build.0 = Debug|Any CPU
		{C31C8E46-16E4-49A3-B8A5-96BDF9FF22E1}.Release|Any CPU.ActiveCfg = Release|Any CPU
		{C31C8E46-16E4-49A3-B8A5-96BDF9FF22E1}.Release|Any CPU.Build.0 = Release|Any CPU
	EndGlobalSection
	GlobalSection(SolutionProperties) = preSolution
		HideSolutionNode = FALSE
	EndGlobalSection
EndGlobal
